// !$*UTF8*$!
{
	archiveVersion = 1;
	classes = {
	};
	objectVersion = 46;
	objects = {

/* Begin PBXBuildFile section */
		86A0902818BAC18800566F99 /* Foundation.framework in Frameworks */ = {isa = PBXBuildFile; fileRef = 86A0902718BAC18800566F99 /* Foundation.framework */; };
		86A0902A18BAC18800566F99 /* CoreGraphics.framework in Frameworks */ = {isa = PBXBuildFile; fileRef = 86A0902918BAC18800566F99 /* CoreGraphics.framework */; };
		86A0902C18BAC18800566F99 /* UIKit.framework in Frameworks */ = {isa = PBXBuildFile; fileRef = 86A0902B18BAC18800566F99 /* UIKit.framework */; };
		86A0903218BAC18800566F99 /* InfoPlist.strings in Resources */ = {isa = PBXBuildFile; fileRef = 86A0903018BAC18800566F99 /* InfoPlist.strings */; };
		86A0903418BAC18800566F99 /* main.m in Sources */ = {isa = PBXBuildFile; fileRef = 86A0903318BAC18800566F99 /* main.m */; };
		86A0903818BAC18800566F99 /* AppDelegate.m in Sources */ = {isa = PBXBuildFile; fileRef = 86A0903718BAC18800566F99 /* AppDelegate.m */; };
		86A0903A18BAC18800566F99 /* Images.xcassets in Resources */ = {isa = PBXBuildFile; fileRef = 86A0903918BAC18800566F99 /* Images.xcassets */; };
		86A0904118BAC18800566F99 /* XCTest.framework in Frameworks */ = {isa = PBXBuildFile; fileRef = 86A0904018BAC18800566F99 /* XCTest.framework */; };
		86A0904218BAC18800566F99 /* Foundation.framework in Frameworks */ = {isa = PBXBuildFile; fileRef = 86A0902718BAC18800566F99 /* Foundation.framework */; };
		86A0904318BAC18800566F99 /* UIKit.framework in Frameworks */ = {isa = PBXBuildFile; fileRef = 86A0902B18BAC18800566F99 /* UIKit.framework */; };
		86A0904B18BAC18800566F99 /* InfoPlist.strings in Resources */ = {isa = PBXBuildFile; fileRef = 86A0904918BAC18800566F99 /* InfoPlist.strings */; };
		86A0904D18BAC18800566F99 /* hw6_iosTests.m in Sources */ = {isa = PBXBuildFile; fileRef = 86A0904C18BAC18800566F99 /* hw6_iosTests.m */; };
/* End PBXBuildFile section */

/* Begin PBXContainerItemProxy section */
		86A0904418BAC18800566F99 /* PBXContainerItemProxy */ = {
			isa = PBXContainerItemProxy;
			containerPortal = 86A0901C18BAC18700566F99 /* Project object */;
			proxyType = 1;
			remoteGlobalIDString = 86A0902318BAC18700566F99;
			remoteInfo = hw6_ios;
		};
/* End PBXContainerItemProxy section */

/* Begin PBXFileReference section */
		86A0902418BAC18700566F99 /* hw6_ios.app */ = {isa = PBXFileReference; explicitFileType = wrapper.application; includeInIndex = 0; path = hw6_ios.app; sourceTree = BUILT_PRODUCTS_DIR; };
		86A0902718BAC18800566F99 /* Foundation.framework */ = {isa = PBXFileReference; lastKnownFileType = wrapper.framework; name = Foundation.framework; path = System/Library/Frameworks/Foundation.framework; sourceTree = SDKROOT; };
		86A0902918BAC18800566F99 /* CoreGraphics.framework */ = {isa = PBXFileReference; lastKnownFileType = wrapper.framework; name = CoreGraphics.framework; path = System/Library/Frameworks/CoreGraphics.framework; sourceTree = SDKROOT; };
		86A0902B18BAC18800566F99 /* UIKit.framework */ = {isa = PBXFileReference; lastKnownFileType = wrapper.framework; name = UIKit.framework; path = System/Library/Frameworks/UIKit.framework; sourceTree = SDKROOT; };
		86A0902F18BAC18800566F99 /* hw6_ios-Info.plist */ = {isa = PBXFileReference; lastKnownFileType = text.plist.xml; path = "hw6_ios-Info.plist"; sourceTree = "<group>"; };
		86A0903118BAC18800566F99 /* en */ = {isa = PBXFileReference; lastKnownFileType = text.plist.strings; name = en; path = en.lproj/InfoPlist.strings; sourceTree = "<group>"; };
		86A0903318BAC18800566F99 /* main.m */ = {isa = PBXFileReference; lastKnownFileType = sourcecode.c.objc; path = main.m; sourceTree = "<group>"; };
		86A0903518BAC18800566F99 /* hw6_ios-Prefix.pch */ = {isa = PBXFileReference; lastKnownFileType = sourcecode.c.h; path = "hw6_ios-Prefix.pch"; sourceTree = "<group>"; };
		86A0903618BAC18800566F99 /* AppDelegate.h */ = {isa = PBXFileReference; lastKnownFileType = sourcecode.c.h; path = AppDelegate.h; sourceTree = "<group>"; };
		86A0903718BAC18800566F99 /* AppDelegate.m */ = {isa = PBXFileReference; lastKnownFileType = sourcecode.c.objc; path = AppDelegate.m; sourceTree = "<group>"; };
		86A0903918BAC18800566F99 /* Images.xcassets */ = {isa = PBXFileReference; lastKnownFileType = folder.assetcatalog; path = Images.xcassets; sourceTree = "<group>"; };
		86A0903F18BAC18800566F99 /* hw6_iosTests.xctest */ = {isa = PBXFileReference; explicitFileType = wrapper.cfbundle; includeInIndex = 0; path = hw6_iosTests.xctest; sourceTree = BUILT_PRODUCTS_DIR; };
		86A0904018BAC18800566F99 /* XCTest.framework */ = {isa = PBXFileReference; lastKnownFileType = wrapper.framework; name = XCTest.framework; path = Library/Frameworks/XCTest.framework; sourceTree = DEVELOPER_DIR; };
		86A0904818BAC18800566F99 /* hw6_iosTests-Info.plist */ = {isa = PBXFileReference; lastKnownFileType = text.plist.xml; path = "hw6_iosTests-Info.plist"; sourceTree = "<group>"; };
		86A0904A18BAC18800566F99 /* en */ = {isa = PBXFileReference; lastKnownFileType = text.plist.strings; name = en; path = en.lproj/InfoPlist.strings; sourceTree = "<group>"; };
		86A0904C18BAC18800566F99 /* hw6_iosTests.m */ = {isa = PBXFileReference; lastKnownFileType = sourcecode.c.objc; path = hw6_iosTests.m; sourceTree = "<group>"; };
/* End PBXFileReference section */

/* Begin PBXFrameworksBuildPhase section */
		86A0902118BAC18700566F99 /* Frameworks */ = {
			isa = PBXFrameworksBuildPhase;
			buildActionMask = 2147483647;
			files = (
				86A0902A18BAC18800566F99 /* CoreGraphics.framework in Frameworks */,
				86A0902C18BAC18800566F99 /* UIKit.framework in Frameworks */,
				86A0902818BAC18800566F99 /* Foundation.framework in Frameworks */,
			);
			runOnlyForDeploymentPostprocessing = 0;
		};
		86A0903C18BAC18800566F99 /* Frameworks */ = {
			isa = PBXFrameworksBuildPhase;
			buildActionMask = 2147483647;
			files = (
				86A0904118BAC18800566F99 /* XCTest.framework in Frameworks */,
				86A0904318BAC18800566F99 /* UIKit.framework in Frameworks */,
				86A0904218BAC18800566F99 /* Foundation.framework in Frameworks */,
			);
			runOnlyForDeploymentPostprocessing = 0;
		};
/* End PBXFrameworksBuildPhase section */

/* Begin PBXGroup section */
		86A0901B18BAC18700566F99 = {
			isa = PBXGroup;
			children = (
				86A0902D18BAC18800566F99 /* hw6_ios */,
				86A0904618BAC18800566F99 /* hw6_iosTests */,
				86A0902618BAC18700566F99 /* Frameworks */,
				86A0902518BAC18700566F99 /* Products */,
			);
			sourceTree = "<group>";
		};
		86A0902518BAC18700566F99 /* Products */ = {
			isa = PBXGroup;
			children = (
				86A0902418BAC18700566F99 /* hw6_ios.app */,
				86A0903F18BAC18800566F99 /* hw6_iosTests.xctest */,
			);
			name = Products;
			sourceTree = "<group>";
		};
		86A0902618BAC18700566F99 /* Frameworks */ = {
			isa = PBXGroup;
			children = (
				86A0902718BAC18800566F99 /* Foundation.framework */,
				86A0902918BAC18800566F99 /* CoreGraphics.framework */,
				86A0902B18BAC18800566F99 /* UIKit.framework */,
				86A0904018BAC18800566F99 /* XCTest.framework */,
			);
			name = Frameworks;
			sourceTree = "<group>";
		};
		86A0902D18BAC18800566F99 /* hw6_ios */ = {
			isa = PBXGroup;
			children = (
				86A0903618BAC18800566F99 /* AppDelegate.h */,
				86A0903718BAC18800566F99 /* AppDelegate.m */,
				86A0903918BAC18800566F99 /* Images.xcassets */,
				86A0902E18BAC18800566F99 /* Supporting Files */,
			);
			path = hw6_ios;
			sourceTree = "<group>";
		};
		86A0902E18BAC18800566F99 /* Supporting Files */ = {
			isa = PBXGroup;
			children = (
				86A0902F18BAC18800566F99 /* hw6_ios-Info.plist */,
				86A0903018BAC18800566F99 /* InfoPlist.strings */,
				86A0903318BAC18800566F99 /* main.m */,
				86A0903518BAC18800566F99 /* hw6_ios-Prefix.pch */,
			);
			name = "Supporting Files";
			sourceTree = "<group>";
		};
		86A0904618BAC18800566F99 /* hw6_iosTests */ = {
			isa = PBXGroup;
			children = (
				86A0904C18BAC18800566F99 /* hw6_iosTests.m */,
				86A0904718BAC18800566F99 /* Supporting Files */,
			);
			path = hw6_iosTests;
			sourceTree = "<group>";
		};
		86A0904718BAC18800566F99 /* Supporting Files */ = {
			isa = PBXGroup;
			children = (
				86A0904818BAC18800566F99 /* hw6_iosTests-Info.plist */,
				86A0904918BAC18800566F99 /* InfoPlist.strings */,
			);
			name = "Supporting Files";
			sourceTree = "<group>";
		};
/* End PBXGroup section */

/* Begin PBXNativeTarget section */
		86A0902318BAC18700566F99 /* hw6_ios */ = {
			isa = PBXNativeTarget;
			buildConfigurationList = 86A0905018BAC18800566F99 /* Build configuration list for PBXNativeTarget "hw6_ios" */;
			buildPhases = (
				86A0902018BAC18700566F99 /* Sources */,
				86A0902118BAC18700566F99 /* Frameworks */,
				86A0902218BAC18700566F99 /* Resources */,
			);
			buildRules = (
			);
			dependencies = (
			);
			name = hw6_ios;
			productName = hw6_ios;
			productReference = 86A0902418BAC18700566F99 /* hw6_ios.app */;
			productType = "com.apple.product-type.application";
		};
		86A0903E18BAC18800566F99 /* hw6_iosTests */ = {
			isa = PBXNativeTarget;
			buildConfigurationList = 86A0905318BAC18800566F99 /* Build configuration list for PBXNativeTarget "hw6_iosTests" */;
			buildPhases = (
				86A0903B18BAC18800566F99 /* Sources */,
				86A0903C18BAC18800566F99 /* Frameworks */,
				86A0903D18BAC18800566F99 /* Resources */,
			);
			buildRules = (
			);
			dependencies = (
				86A0904518BAC18800566F99 /* PBXTargetDependency */,
			);
			name = hw6_iosTests;
			productName = hw6_iosTests;
			productReference = 86A0903F18BAC18800566F99 /* hw6_iosTests.xctest */;
			productType = "com.apple.product-type.bundle.unit-test";
		};
/* End PBXNativeTarget section */

/* Begin PBXProject section */
		86A0901C18BAC18700566F99 /* Project object */ = {
			isa = PBXProject;
			attributes = {
				LastUpgradeCheck = 0500;
				ORGANIZATIONNAME = "Winnie Zeng";
				TargetAttributes = {
					86A0903E18BAC18800566F99 = {
						TestTargetID = 86A0902318BAC18700566F99;
					};
				};
			};
			buildConfigurationList = 86A0901F18BAC18700566F99 /* Build configuration list for PBXProject "hw6_ios" */;
			compatibilityVersion = "Xcode 3.2";
			developmentRegion = English;
			hasScannedForEncodings = 0;
			knownRegions = (
				en,
			);
			mainGroup = 86A0901B18BAC18700566F99;
			productRefGroup = 86A0902518BAC18700566F99 /* Products */;
			projectDirPath = "";
			projectRoot = "";
			targets = (
				86A0902318BAC18700566F99 /* hw6_ios */,
				86A0903E18BAC18800566F99 /* hw6_iosTests */,
			);
		};
/* End PBXProject section */

/* Begin PBXResourcesBuildPhase section */
		86A0902218BAC18700566F99 /* Resources */ = {
			isa = PBXResourcesBuildPhase;
			buildActionMask = 2147483647;
			files = (
				86A0903218BAC18800566F99 /* InfoPlist.strings in Resources */,
				86A0903A18BAC18800566F99 /* Images.xcassets in Resources */,
			);
			runOnlyForDeploymentPostprocessing = 0;
		};
		86A0903D18BAC18800566F99 /* Resources */ = {
			isa = PBXResourcesBuildPhase;
			buildActionMask = 2147483647;
			files = (
				86A0904B18BAC18800566F99 /* InfoPlist.strings in Resources */,
			);
			runOnlyForDeploymentPostprocessing = 0;
		};
/* End PBXResourcesBuildPhase section */

/* Begin PBXSourcesBuildPhase section */
		86A0902018BAC18700566F99 /* Sources */ = {
			isa = PBXSourcesBuildPhase;
			buildActionMask = 2147483647;
			files = (
				86A0903818BAC18800566F99 /* AppDelegate.m in Sources */,
				86A0903418BAC18800566F99 /* main.m in Sources */,
			);
			runOnlyForDeploymentPostprocessing = 0;
		};
		86A0903B18BAC18800566F99 /* Sources */ = {
			isa = PBXSourcesBuildPhase;
			buildActionMask = 2147483647;
			files = (
				86A0904D18BAC18800566F99 /* hw6_iosTests.m in Sources */,
			);
			runOnlyForDeploymentPostprocessing = 0;
		};
/* End PBXSourcesBuildPhase section */

/* Begin PBXTargetDependency section */
		86A0904518BAC18800566F99 /* PBXTargetDependency */ = {
			isa = PBXTargetDependency;
			target = 86A0902318BAC18700566F99 /* hw6_ios */;
			targetProxy = 86A0904418BAC18800566F99 /* PBXContainerItemProxy */;
		};
/* End PBXTargetDependency section */

/* Begin PBXVariantGroup section */
		86A0903018BAC18800566F99 /* InfoPlist.strings */ = {
			isa = PBXVariantGroup;
			children = (
				86A0903118BAC18800566F99 /* en */,
			);
			name = InfoPlist.strings;
			sourceTree = "<group>";
		};
		86A0904918BAC18800566F99 /* InfoPlist.strings */ = {
			isa = PBXVariantGroup;
			children = (
				86A0904A18BAC18800566F99 /* en */,
			);
			name = InfoPlist.strings;
			sourceTree = "<group>";
		};
/* End PBXVariantGroup section */

/* Begin XCBuildConfiguration section */
		86A0904E18BAC18800566F99 /* Debug */ = {
			isa = XCBuildConfiguration;
			buildSettings = {
				ALWAYS_SEARCH_USER_PATHS = NO;
				ARCHS = "$(ARCHS_STANDARD_INCLUDING_64_BIT)";
				CLANG_CXX_LANGUAGE_STANDARD = "gnu++0x";
				CLANG_CXX_LIBRARY = "libc++";
				CLANG_ENABLE_MODULES = YES;
				CLANG_ENABLE_OBJC_ARC = YES;
				CLANG_WARN_BOOL_CONVERSION = YES;
				CLANG_WARN_CONSTANT_CONVERSION = YES;
				CLANG_WARN_DIRECT_OBJC_ISA_USAGE = YES_ERROR;
				CLANG_WARN_EMPTY_BODY = YES;
				CLANG_WARN_ENUM_CONVERSION = YES;
				CLANG_WARN_INT_CONVERSION = YES;
				CLANG_WARN_OBJC_ROOT_CLASS = YES_ERROR;
				CLANG_WARN__DUPLICATE_METHOD_MATCH = YES;
				"CODE_SIGN_IDENTITY[sdk=iphoneos*]" = "iPhone Developer";
				COPY_PHASE_STRIP = NO;
				GCC_C_LANGUAGE_STANDARD = gnu99;
				GCC_DYNAMIC_NO_PIC = NO;
				GCC_OPTIMIZATION_LEVEL = 0;
				GCC_PREPROCESSOR_DEFINITIONS = (
					"DEBUG=1",
					"$(inherited)",
				);
				GCC_SYMBOLS_PRIVATE_EXTERN = NO;
				GCC_WARN_64_TO_32_BIT_CONVERSION = YES;
				GCC_WARN_ABOUT_RETURN_TYPE = YES_ERROR;
				GCC_WARN_UNDECLARED_SELECTOR = YES;
				GCC_WARN_UNINITIALIZED_AUTOS = YES;
				GCC_WARN_UNUSED_FUNCTION = YES;
				GCC_WARN_UNUSED_VARIABLE = YES;
				IPHONEOS_DEPLOYMENT_TARGET = 7.0;
				ONLY_ACTIVE_ARCH = YES;
				SDKROOT = iphoneos;
				TARGETED_DEVICE_FAMILY = "1,2";
			};
			name = Debug;
		};
		86A0904F18BAC18800566F99 /* Release */ = {
			isa = XCBuildConfiguration;
			buildSettings = {
				ALWAYS_SEARCH_USER_PATHS = NO;
				ARCHS = "$(ARCHS_STANDARD_INCLUDING_64_BIT)";
				CLANG_CXX_LANGUAGE_STANDARD = "gnu++0x";
				CLANG_CXX_LIBRARY = "libc++";
				CLANG_ENABLE_MODULES = YES;
				CLANG_ENABLE_OBJC_ARC = YES;
				CLANG_WARN_BOOL_CONVERSION = YES;
				CLANG_WARN_CONSTANT_CONVERSION = YES;
				CLANG_WARN_DIRECT_OBJC_ISA_USAGE = YES_ERROR;
				CLANG_WARN_EMPTY_BODY = YES;
				CLANG_WARN_ENUM_CONVERSION = YES;
				CLANG_WARN_INT_CONVERSION = YES;
				CLANG_WARN_OBJC_ROOT_CLASS = YES_ERROR;
				CLANG_WARN__DUPLICATE_METHOD_MATCH = YES;
				"CODE_SIGN_IDENTITY[sdk=iphoneos*]" = "iPhone Developer";
				COPY_PHASE_STRIP = YES;
				ENABLE_NS_ASSERTIONS = NO;
				GCC_C_LANGUAGE_STANDARD = gnu99;
				GCC_WARN_64_TO_32_BIT_CONVERSION = YES;
				GCC_WARN_ABOUT_RETURN_TYPE = YES_ERROR;
				GCC_WARN_UNDECLARED_SELECTOR = YES;
				GCC_WARN_UNINITIALIZED_AUTOS = YES;
				GCC_WARN_UNUSED_FUNCTION = YES;
				GCC_WARN_UNUSED_VARIABLE = YES;
				IPHONEOS_DEPLOYMENT_TARGET = 7.0;
				SDKROOT = iphoneos;
				TARGETED_DEVICE_FAMILY = "1,2";
				VALIDATE_PRODUCT = YES;
			};
			name = Release;
		};
		86A0905118BAC18800566F99 /* Debug */ = {
			isa = XCBuildConfiguration;
			buildSettings = {
				ASSETCATALOG_COMPILER_APPICON_NAME = AppIcon;
				ASSETCATALOG_COMPILER_LAUNCHIMAGE_NAME = LaunchImage;
				GCC_PRECOMPILE_PREFIX_HEADER = YES;
				GCC_PREFIX_HEADER = "hw6_ios/hw6_ios-Prefix.pch";
				INFOPLIST_FILE = "hw6_ios/hw6_ios-Info.plist";
				PRODUCT_NAME = "$(TARGET_NAME)";
				WRAPPER_EXTENSION = app;
			};
			name = Debug;
		};
		86A0905218BAC18800566F99 /* Release */ = {
			isa = XCBuildConfiguration;
			buildSettings = {
				ASSETCATALOG_COMPILER_APPICON_NAME = AppIcon;
				ASSETCATALOG_COMPILER_LAUNCHIMAGE_NAME = LaunchImage;
				GCC_PRECOMPILE_PREFIX_HEADER = YES;
				GCC_PREFIX_HEADER = "hw6_ios/hw6_ios-Prefix.pch";
				INFOPLIST_FILE = "hw6_ios/hw6_ios-Info.plist";
				PRODUCT_NAME = "$(TARGET_NAME)";
				WRAPPER_EXTENSION = app;
			};
			name = Release;
		};
		86A0905418BAC18800566F99 /* Debug */ = {
			isa = XCBuildConfiguration;
			buildSettings = {
				ARCHS = "$(ARCHS_STANDARD_INCLUDING_64_BIT)";
				BUNDLE_LOADER = "$(BUILT_PRODUCTS_DIR)/hw6_ios.app/hw6_ios";
				FRAMEWORK_SEARCH_PATHS = (
					"$(SDKROOT)/Developer/Library/Frameworks",
					"$(inherited)",
					"$(DEVELOPER_FRAMEWORKS_DIR)",
				);
				GCC_PRECOMPILE_PREFIX_HEADER = YES;
				GCC_PREFIX_HEADER = "hw6_ios/hw6_ios-Prefix.pch";
				GCC_PREPROCESSOR_DEFINITIONS = (
					"DEBUG=1",
					"$(inherited)",
				);
				INFOPLIST_FILE = "hw6_iosTests/hw6_iosTests-Info.plist";
				PRODUCT_NAME = "$(TARGET_NAME)";
				TEST_HOST = "$(BUNDLE_LOADER)";
				WRAPPER_EXTENSION = xctest;
			};
			name = Debug;
		};
		86A0905518BAC18800566F99 /* Release */ = {
			isa = XCBuildConfiguration;
			buildSettings = {
				ARCHS = "$(ARCHS_STANDARD_INCLUDING_64_BIT)";
				BUNDLE_LOADER = "$(BUILT_PRODUCTS_DIR)/hw6_ios.app/hw6_ios";
				FRAMEWORK_SEARCH_PATHS = (
					"$(SDKROOT)/Developer/Library/Frameworks",
					"$(inherited)",
					"$(DEVELOPER_FRAMEWORKS_DIR)",
				);
				GCC_PRECOMPILE_PREFIX_HEADER = YES;
				GCC_PREFIX_HEADER = "hw6_ios/hw6_ios-Prefix.pch";
				INFOPLIST_FILE = "hw6_iosTests/hw6_iosTests-Info.plist";
				PRODUCT_NAME = "$(TARGET_NAME)";
				TEST_HOST = "$(BUNDLE_LOADER)";
				WRAPPER_EXTENSION = xctest;
			};
			name = Release;
		};
/* End XCBuildConfiguration section */

/* Begin XCConfigurationList section */
		86A0901F18BAC18700566F99 /* Build configuration list for PBXProject "hw6_ios" */ = {
			isa = XCConfigurationList;
			buildConfigurations = (
				86A0904E18BAC18800566F99 /* Debug */,
				86A0904F18BAC18800566F99 /* Release */,
			);
			defaultConfigurationIsVisible = 0;
			defaultConfigurationName = Release;
		};
		86A0905018BAC18800566F99 /* Build configuration list for PBXNativeTarget "hw6_ios" */ = {
			isa = XCConfigurationList;
			buildConfigurations = (
				86A0905118BAC18800566F99 /* Debug */,
				86A0905218BAC18800566F99 /* Release */,
			);
			defaultConfigurationIsVisible = 0;
		};
		86A0905318BAC18800566F99 /* Build configuration list for PBXNativeTarget "hw6_iosTests" */ = {
			isa = XCConfigurationList;
			buildConfigurations = (
				86A0905418BAC18800566F99 /* Debug */,
				86A0905518BAC18800566F99 /* Release */,
			);
			defaultConfigurationIsVisible = 0;
		};
/* End XCConfigurationList section */
	};
	rootObject = 86A0901C18BAC18700566F99 /* Project object */;
}
